
Microsoft Visual Studio Solution File, Format Version 12.00
# Visual Studio Version 16
VisualStudioVersion = 16.0.29905.134
MinimumVisualStudioVersion = 10.0.40219.1
Project("{9A19103F-16F7-4668-BE54-9A1E7A4F7556}") = "TimeRecord.Common", "TimeRecord.Common\TimeRecord.Common.csproj", "{7A96CBA0-D1C1-4944-8AFE-D628F0885249}"
EndProject
Project("{9A19103F-16F7-4668-BE54-9A1E7A4F7556}") = "TimeRecord.Web", "TimeRecord.Web\TimeRecord.Web.csproj", "{80256893-0B51-4E61-8310-89C4D48C99DA}"
EndProject
Project("{FAE04EC0-301F-11D3-BF4B-00C04F79EFBC}") = "TimeRecord.Prism", "TimeRecord.Prism\TimeRecord.Prism\TimeRecord.Prism.csproj", "{DFCB2DAB-8D20-4DFB-8B3E-9F02EBB52736}"
EndProject
Project("{FAE04EC0-301F-11D3-BF4B-00C04F79EFBC}") = "TimeRecord.Prism.Android", "TimeRecord.Prism\TimeRecord.Prism.Android\TimeRecord.Prism.Android.csproj", "{8C3FA5C3-F5E7-456C-94E6-42A345419D73}"
EndProject
Project("{FAE04EC0-301F-11D3-BF4B-00C04F79EFBC}") = "TimeRecord.Prism.iOS", "TimeRecord.Prism\TimeRecord.Prism.iOS\TimeRecord.Prism.iOS.csproj", "{CF0D5DAE-F5EF-4BA0-A641-51AAE5712D77}"
EndProject
Global
	GlobalSection(SolutionConfigurationPlatforms) = preSolution
		Ad-Hoc|Any CPU = Ad-Hoc|Any CPU
		Ad-Hoc|iPhone = Ad-Hoc|iPhone
		Ad-Hoc|iPhoneSimulator = Ad-Hoc|iPhoneSimulator
		AppStore|Any CPU = AppStore|Any CPU
		AppStore|iPhone = AppStore|iPhone
		AppStore|iPhoneSimulator = AppStore|iPhoneSimulator
		Debug|Any CPU = Debug|Any CPU
		Debug|iPhone = Debug|iPhone
		Debug|iPhoneSimulator = Debug|iPhoneSimulator
		Release|Any CPU = Release|Any CPU
		Release|iPhone = Release|iPhone
		Release|iPhoneSimulator = Release|iPhoneSimulator
	EndGlobalSection
	GlobalSection(ProjectConfigurationPlatforms) = postSolution
		{7A96CBA0-D1C1-4944-8AFE-D628F0885249}.Ad-Hoc|Any CPU.ActiveCfg = Release|Any CPU
		{7A96CBA0-D1C1-4944-8AFE-D628F0885249}.Ad-Hoc|Any CPU.Build.0 = Release|Any CPU
		{7A96CBA0-D1C1-4944-8AFE-D628F0885249}.Ad-Hoc|iPhone.ActiveCfg = Release|Any CPU
		{7A96CBA0-D1C1-4944-8AFE-D628F0885249}.Ad-Hoc|iPhone.Build.0 = Release|Any CPU
		{7A96CBA0-D1C1-4944-8AFE-D628F0885249}.Ad-Hoc|iPhoneSimulator.ActiveCfg = Release|Any CPU
		{7A96CBA0-D1C1-4944-8AFE-D628F0885249}.Ad-Hoc|iPhoneSimulator.Build.0 = Release|Any CPU
		{7A96CBA0-D1C1-4944-8AFE-D628F0885249}.AppStore|Any CPU.ActiveCfg = Release|Any CPU
		{7A96CBA0-D1C1-4944-8AFE-D628F0885249}.AppStore|Any CPU.Build.0 = Release|Any CPU
		{7A96CBA0-D1C1-4944-8AFE-D628F0885249}.AppStore|iPhone.ActiveCfg = Release|Any CPU
		{7A96CBA0-D1C1-4944-8AFE-D628F0885249}.AppStore|iPhone.Build.0 = Release|Any CPU
		{7A96CBA0-D1C1-4944-8AFE-D628F0885249}.AppStore|iPhoneSimulator.ActiveCfg = Release|Any CPU
		{7A96CBA0-D1C1-4944-8AFE-D628F0885249}.AppStore|iPhoneSimulator.Build.0 = Release|Any CPU
		{7A96CBA0-D1C1-4944-8AFE-D628F0885249}.Debug|Any CPU.ActiveCfg = Debug|Any CPU
		{7A96CBA0-D1C1-4944-8AFE-D628F0885249}.Debug|Any CPU.Build.0 = Debug|Any CPU
		{7A96CBA0-D1C1-4944-8AFE-D628F0885249}.Debug|iPhone.ActiveCfg = Debug|Any CPU
		{7A96CBA0-D1C1-4944-8AFE-D628F0885249}.Debug|iPhone.Build.0 = Debug|Any CPU
		{7A96CBA0-D1C1-4944-8AFE-D628F0885249}.Debug|iPhoneSimulator.ActiveCfg = Debug|Any CPU
		{7A96CBA0-D1C1-4944-8AFE-D628F0885249}.Debug|iPhoneSimulator.Build.0 = Debug|Any CPU
		{7A96CBA0-D1C1-4944-8AFE-D628F0885249}.Release|Any CPU.ActiveCfg = Release|Any CPU
		{7A96CBA0-D1C1-4944-8AFE-D628F0885249}.Release|Any CPU.Build.0 = Release|Any CPU
		{7A96CBA0-D1C1-4944-8AFE-D628F0885249}.Release|iPhone.ActiveCfg = Release|Any CPU
		{7A96CBA0-D1C1-4944-8AFE-D628F0885249}.Release|iPhone.Build.0 = Release|Any CPU
		{7A96CBA0-D1C1-4944-8AFE-D628F0885249}.Release|iPhoneSimulator.ActiveCfg = Release|Any CPU
		{7A96CBA0-D1C1-4944-8AFE-D628F0885249}.Release|iPhoneSimulator.Build.0 = Release|Any CPU
		{80256893-0B51-4E61-8310-89C4D48C99DA}.Ad-Hoc|Any CPU.ActiveCfg = Release|Any CPU
		{80256893-0B51-4E61-8310-89C4D48C99DA}.Ad-Hoc|Any CPU.Build.0 = Release|Any CPU
		{80256893-0B51-4E61-8310-89C4D48C99DA}.Ad-Hoc|iPhone.ActiveCfg = Release|Any CPU
		{80256893-0B51-4E61-8310-89C4D48C99DA}.Ad-Hoc|iPhone.Build.0 = Release|Any CPU
		{80256893-0B51-4E61-8310-89C4D48C99DA}.Ad-Hoc|iPhoneSimulator.ActiveCfg = Release|Any CPU
		{80256893-0B51-4E61-8310-89C4D48C99DA}.Ad-Hoc|iPhoneSimulator.Build.0 = Release|Any CPU
		{80256893-0B51-4E61-8310-89C4D48C99DA}.AppStore|Any CPU.ActiveCfg = Release|Any CPU
		{80256893-0B51-4E61-8310-89C4D48C99DA}.AppStore|Any CPU.Build.0 = Release|Any CPU
		{80256893-0B51-4E61-8310-89C4D48C99DA}.AppStore|iPhone.ActiveCfg = Release|Any CPU
		{80256893-0B51-4E61-8310-89C4D48C99DA}.AppStore|iPhone.Build.0 = Release|Any CPU
		{80256893-0B51-4E61-8310-89C4D48C99DA}.AppStore|iPhoneSimulator.ActiveCfg = Release|Any CPU
		{80256893-0B51-4E61-8310-89C4D48C99DA}.AppStore|iPhoneSimulator.Build.0 = Release|Any CPU
		{80256893-0B51-4E61-8310-89C4D48C99DA}.Debug|Any CPU.ActiveCfg = Debug|Any CPU
		{80256893-0B51-4E61-8310-89C4D48C99DA}.Debug|Any CPU.Build.0 = Debug|Any CPU
		{80256893-0B51-4E61-8310-89C4D48C99DA}.Debug|iPhone.ActiveCfg = Debug|Any CPU
		{80256893-0B51-4E61-8310-89C4D48C99DA}.Debug|iPhone.Build.0 = Debug|Any CPU
		{80256893-0B51-4E61-8310-89C4D48C99DA}.Debug|iPhoneSimulator.ActiveCfg = Debug|Any CPU
		{80256893-0B51-4E61-8310-89C4D48C99DA}.Debug|iPhoneSimulator.Build.0 = Debug|Any CPU
		{80256893-0B51-4E61-8310-89C4D48C99DA}.Release|Any CPU.ActiveCfg = Release|Any CPU
		{80256893-0B51-4E61-8310-89C4D48C99DA}.Release|Any CPU.Build.0 = Release|Any CPU
		{80256893-0B51-4E61-8310-89C4D48C99DA}.Release|iPhone.ActiveCfg = Release|Any CPU
		{80256893-0B51-4E61-8310-89C4D48C99DA}.Release|iPhone.Build.0 = Release|Any CPU
		{80256893-0B51-4E61-8310-89C4D48C99DA}.Release|iPhoneSimulator.ActiveCfg = Release|Any CPU
		{80256893-0B51-4E61-8310-89C4D48C99DA}.Release|iPhoneSimulator.Build.0 = Release|Any CPU
		{DFCB2DAB-8D20-4DFB-8B3E-9F02EBB52736}.Ad-Hoc|Any CPU.ActiveCfg = Debug|Any CPU
		{DFCB2DAB-8D20-4DFB-8B3E-9F02EBB52736}.Ad-Hoc|Any CPU.Build.0 = Debug|Any CPU
		{DFCB2DAB-8D20-4DFB-8B3E-9F02EBB52736}.Ad-Hoc|iPhone.ActiveCfg = Debug|Any CPU
		{DFCB2DAB-8D20-4DFB-8B3E-9F02EBB52736}.Ad-Hoc|iPhone.Build.0 = Debug|Any CPU
		{DFCB2DAB-8D20-4DFB-8B3E-9F02EBB52736}.Ad-Hoc|iPhoneSimulator.ActiveCfg = Debug|Any CPU
		{DFCB2DAB-8D20-4DFB-8B3E-9F02EBB52736}.Ad-Hoc|iPhoneSimulator.Build.0 = Debug|Any CPU
		{DFCB2DAB-8D20-4DFB-8B3E-9F02EBB52736}.AppStore|Any CPU.ActiveCfg = Debug|Any CPU
		{DFCB2DAB-8D20-4DFB-8B3E-9F02EBB52736}.AppStore|Any CPU.Build.0 = Debug|Any CPU
		{DFCB2DAB-8D20-4DFB-8B3E-9F02EBB52736}.AppStore|iPhone.ActiveCfg = Debug|Any CPU
		{DFCB2DAB-8D20-4DFB-8B3E-9F02EBB52736}.AppStore|iPhone.Build.0 = Debug|Any CPU
		{DFCB2DAB-8D20-4DFB-8B3E-9F02EBB52736}.AppStore|iPhoneSimulator.ActiveCfg = Debug|Any CPU
		{DFCB2DAB-8D20-4DFB-8B3E-9F02EBB52736}.AppStore|iPhoneSimulator.Build.0 = Debug|Any CPU
		{DFCB2DAB-8D20-4DFB-8B3E-9F02EBB52736}.Debug|Any CPU.ActiveCfg = Debug|Any CPU
		{DFCB2DAB-8D20-4DFB-8B3E-9F02EBB52736}.Debug|Any CPU.Build.0 = Debug|Any CPU
		{DFCB2DAB-8D20-4DFB-8B3E-9F02EBB52736}.Debug|iPhone.ActiveCfg = Debug|Any CPU
		{DFCB2DAB-8D20-4DFB-8B3E-9F02EBB52736}.Debug|iPhone.Build.0 = Debug|Any CPU
		{DFCB2DAB-8D20-4DFB-8B3E-9F02EBB52736}.Debug|iPhoneSimulator.ActiveCfg = Debug|Any CPU
		{DFCB2DAB-8D20-4DFB-8B3E-9F02EBB52736}.Debug|iPhoneSimulator.Build.0 = Debug|Any CPU
		{DFCB2DAB-8D20-4DFB-8B3E-9F02EBB52736}.Release|Any CPU.ActiveCfg = Release|Any CPU
		{DFCB2DAB-8D20-4DFB-8B3E-9F02EBB52736}.Release|Any CPU.Build.0 = Release|Any CPU
		{DFCB2DAB-8D20-4DFB-8B3E-9F02EBB52736}.Release|iPhone.ActiveCfg = Release|Any CPU
		{DFCB2DAB-8D20-4DFB-8B3E-9F02EBB52736}.Release|iPhone.Build.0 = Release|Any CPU
		{DFCB2DAB-8D20-4DFB-8B3E-9F02EBB52736}.Release|iPhoneSimulator.ActiveCfg = Release|Any CPU
		{DFCB2DAB-8D20-4DFB-8B3E-9F02EBB52736}.Release|iPhoneSimulator.Build.0 = Release|Any CPU
		{8C3FA5C3-F5E7-456C-94E6-42A345419D73}.Ad-Hoc|Any CPU.ActiveCfg = Release|Any CPU
		{8C3FA5C3-F5E7-456C-94E6-42A345419D73}.Ad-Hoc|Any CPU.Build.0 = Release|Any CPU
		{8C3FA5C3-F5E7-456C-94E6-42A345419D73}.Ad-Hoc|Any CPU.Deploy.0 = Release|Any CPU
		{8C3FA5C3-F5E7-456C-94E6-42A345419D73}.Ad-Hoc|iPhone.ActiveCfg = Release|Any CPU
		{8C3FA5C3-F5E7-456C-94E6-42A345419D73}.Ad-Hoc|iPhone.Build.0 = Release|Any CPU
		{8C3FA5C3-F5E7-456C-94E6-42A345419D73}.Ad-Hoc|iPhone.Deploy.0 = Release|Any CPU
		{8C3FA5C3-F5E7-456C-94E6-42A345419D73}.Ad-Hoc|iPhoneSimulator.ActiveCfg = Release|Any CPU
		{8C3FA5C3-F5E7-456C-94E6-42A345419D73}.Ad-Hoc|iPhoneSimulator.Build.0 = Release|Any CPU
		{8C3FA5C3-F5E7-456C-94E6-42A345419D73}.Ad-Hoc|iPhoneSimulator.Deploy.0 = Release|Any CPU
		{8C3FA5C3-F5E7-456C-94E6-42A345419D73}.AppStore|Any CPU.ActiveCfg = Release|Any CPU
		{8C3FA5C3-F5E7-456C-94E6-42A345419D73}.AppStore|Any CPU.Build.0 = Release|Any CPU
		{8C3FA5C3-F5E7-456C-94E6-42A345419D73}.AppStore|Any CPU.Deploy.0 = Release|Any CPU
		{8C3FA5C3-F5E7-456C-94E6-42A345419D73}.AppStore|iPhone.ActiveCfg = Release|Any CPU
		{8C3FA5C3-F5E7-456C-94E6-42A345419D73}.AppStore|iPhone.Build.0 = Release|Any CPU
		{8C3FA5C3-F5E7-456C-94E6-42A345419D73}.AppStore|iPhone.Deploy.0 = Release|Any CPU
		{8C3FA5C3-F5E7-456C-94E6-42A345419D73}.AppStore|iPhoneSimulator.ActiveCfg = Release|Any CPU
		{8C3FA5C3-F5E7-456C-94E6-42A345419D73}.AppStore|iPhoneSimulator.Build.0 = Release|Any CPU
		{8C3FA5C3-F5E7-456C-94E6-42A345419D73}.AppStore|iPhoneSimulator.Deploy.0 = Release|Any CPU
		{8C3FA5C3-F5E7-456C-94E6-42A345419D73}.Debug|Any CPU.ActiveCfg = Debug|Any CPU
		{8C3FA5C3-F5E7-456C-94E6-42A345419D73}.Debug|Any CPU.Build.0 = Debug|Any CPU
		{8C3FA5C3-F5E7-456C-94E6-42A345419D73}.Debug|Any CPU.Deploy.0 = Debug|Any CPU
		{8C3FA5C3-F5E7-456C-94E6-42A345419D73}.Debug|iPhone.ActiveCfg = Debug|Any CPU
		{8C3FA5C3-F5E7-456C-94E6-42A345419D73}.Debug|iPhone.Build.0 = Debug|Any CPU
		{8C3FA5C3-F5E7-456C-94E6-42A345419D73}.Debug|iPhone.Deploy.0 = Debug|Any CPU
		{8C3FA5C3-F5E7-456C-94E6-42A345419D73}.Debug|iPhoneSimulator.ActiveCfg = Debug|Any CPU
		{8C3FA5C3-F5E7-456C-94E6-42A345419D73}.Debug|iPhoneSimulator.Build.0 = Debug|Any CPU
		{8C3FA5C3-F5E7-456C-94E6-42A345419D73}.Debug|iPhoneSimulator.Deploy.0 = Debug|Any CPU
		{8C3FA5C3-F5E7-456C-94E6-42A345419D73}.Release|Any CPU.ActiveCfg = Release|Any CPU
		{8C3FA5C3-F5E7-456C-94E6-42A345419D73}.Release|Any CPU.Build.0 = Release|Any CPU
		{8C3FA5C3-F5E7-456C-94E6-42A345419D73}.Release|Any CPU.Deploy.0 = Release|Any CPU
		{8C3FA5C3-F5E7-456C-94E6-42A345419D73}.Release|iPhone.ActiveCfg = Release|Any CPU
		{8C3FA5C3-F5E7-456C-94E6-42A345419D73}.Release|iPhone.Build.0 = Release|Any CPU
		{8C3FA5C3-F5E7-456C-94E6-42A345419D73}.Release|iPhone.Deploy.0 = Release|Any CPU
		{8C3FA5C3-F5E7-456C-94E6-42A345419D73}.Release|iPhoneSimulator.ActiveCfg = Release|Any CPU
		{8C3FA5C3-F5E7-456C-94E6-42A345419D73}.Release|iPhoneSimulator.Build.0 = Release|Any CPU
		{8C3FA5C3-F5E7-456C-94E6-42A345419D73}.Release|iPhoneSimulator.Deploy.0 = Release|Any CPU
		{CF0D5DAE-F5EF-4BA0-A641-51AAE5712D77}.Ad-Hoc|Any CPU.ActiveCfg = Ad-Hoc|iPhone
		{CF0D5DAE-F5EF-4BA0-A641-51AAE5712D77}.Ad-Hoc|iPhone.ActiveCfg = Ad-Hoc|iPhone
		{CF0D5DAE-F5EF-4BA0-A641-51AAE5712D77}.Ad-Hoc|iPhone.Build.0 = Ad-Hoc|iPhone
		{CF0D5DAE-F5EF-4BA0-A641-51AAE5712D77}.Ad-Hoc|iPhoneSimulator.ActiveCfg = Ad-Hoc|iPhoneSimulator
		{CF0D5DAE-F5EF-4BA0-A641-51AAE5712D77}.Ad-Hoc|iPhoneSimulator.Build.0 = Ad-Hoc|iPhoneSimulator
		{CF0D5DAE-F5EF-4BA0-A641-51AAE5712D77}.AppStore|Any CPU.ActiveCfg = AppStore|iPhone
		{CF0D5DAE-F5EF-4BA0-A641-51AAE5712D77}.AppStore|iPhone.ActiveCfg = AppStore|iPhone
		{CF0D5DAE-F5EF-4BA0-A641-51AAE5712D77}.AppStore|iPhone.Build.0 = AppStore|iPhone
		{CF0D5DAE-F5EF-4BA0-A641-51AAE5712D77}.AppStore|iPhoneSimulator.ActiveCfg = AppStore|iPhoneSimulator
		{CF0D5DAE-F5EF-4BA0-A641-51AAE5712D77}.AppStore|iPhoneSimulator.Build.0 = AppStore|iPhoneSimulator
		{CF0D5DAE-F5EF-4BA0-A641-51AAE5712D77}.Debug|Any CPU.ActiveCfg = Debug|iPhone
		{CF0D5DAE-F5EF-4BA0-A641-51AAE5712D77}.Debug|iPhone.ActiveCfg = Debug|iPhone
		{CF0D5DAE-F5EF-4BA0-A641-51AAE5712D77}.Debug|iPhone.Build.0 = Debug|iPhone
		{CF0D5DAE-F5EF-4BA0-A641-51AAE5712D77}.Debug|iPhoneSimulator.ActiveCfg = Debug|iPhoneSimulator
		{CF0D5DAE-F5EF-4BA0-A641-51AAE5712D77}.Debug|iPhoneSimulator.Build.0 = Debug|iPhoneSimulator
		{CF0D5DAE-F5EF-4BA0-A641-51AAE5712D77}.Release|Any CPU.ActiveCfg = Release|iPhone
		{CF0D5DAE-F5EF-4BA0-A641-51AAE5712D77}.Release|iPhone.ActiveCfg = Release|iPhone
		{CF0D5DAE-F5EF-4BA0-A641-51AAE5712D77}.Release|iPhone.Build.0 = Release|iPhone
		{CF0D5DAE-F5EF-4BA0-A641-51AAE5712D77}.Release|iPhoneSimulator.ActiveCfg = Release|iPhoneSimulator
		{CF0D5DAE-F5EF-4BA0-A641-51AAE5712D77}.Release|iPhoneSimulator.Build.0 = Release|iPhoneSimulator
	EndGlobalSection
	GlobalSection(SolutionProperties) = preSolution
		HideSolutionNode = FALSE
	EndGlobalSection
	GlobalSection(ExtensibilityGlobals) = postSolution
		SolutionGuid = {D4702C52-E843-43DE-A1ED-D19806425870}
	EndGlobalSection
EndGlobal
